// !$*UTF8*$!
{
	archiveVersion = 1;
	classes = {
	};
	objectVersion = 46;
	objects = {

/* Begin PBXBuildFile section */
		940243CE1F26BDAD00B2304B /* AppDelegate.swift in Sources */ = {isa = PBXBuildFile; fileRef = 940243CD1F26BDAD00B2304B /* AppDelegate.swift */; };
		940243D21F26BDAD00B2304B /* MapViewController.swift in Sources */ = {isa = PBXBuildFile; fileRef = 940243D11F26BDAD00B2304B /* MapViewController.swift */; };
		940243D51F26BDAD00B2304B /* Main.storyboard in Resources */ = {isa = PBXBuildFile; fileRef = 940243D31F26BDAD00B2304B /* Main.storyboard */; };
		940243D71F26BDAD00B2304B /* Assets.xcassets in Resources */ = {isa = PBXBuildFile; fileRef = 940243D61F26BDAD00B2304B /* Assets.xcassets */; };
		940243DA1F26BDAD00B2304B /* LaunchScreen.storyboard in Resources */ = {isa = PBXBuildFile; fileRef = 940243D81F26BDAD00B2304B /* LaunchScreen.storyboard */; };
		940243E51F26BDAD00B2304B /* BreadcrumbsTests.swift in Sources */ = {isa = PBXBuildFile; fileRef = 940243E41F26BDAD00B2304B /* BreadcrumbsTests.swift */; };
		940243F01F26BDAD00B2304B /* BreadcrumbsUITests.swift in Sources */ = {isa = PBXBuildFile; fileRef = 940243EF1F26BDAD00B2304B /* BreadcrumbsUITests.swift */; };
		9436EA481F27BDAE006B0285 /* CoreLocation.framework in Frameworks */ = {isa = PBXBuildFile; fileRef = 9436EA471F27BDAE006B0285 /* CoreLocation.framework */; };
		9436EA4A1F27C552006B0285 /* MapKit.framework in Frameworks */ = {isa = PBXBuildFile; fileRef = 9436EA491F27C552006B0285 /* MapKit.framework */; };
		9436EA4C1F296868006B0285 /* Foundation.framework in Frameworks */ = {isa = PBXBuildFile; fileRef = 9436EA4B1F296868006B0285 /* Foundation.framework */; };
		9436EA4E1F296FBC006B0285 /* CoreFoundation.framework in Frameworks */ = {isa = PBXBuildFile; fileRef = 9436EA4D1F296FBC006B0285 /* CoreFoundation.framework */; };
		9436EA501F2AAE77006B0285 /* HomeViewController.swift in Sources */ = {isa = PBXBuildFile; fileRef = 9436EA4F1F2AAE77006B0285 /* HomeViewController.swift */; };
/* End PBXBuildFile section */

/* Begin PBXContainerItemProxy section */
		940243E11F26BDAD00B2304B /* PBXContainerItemProxy */ = {
			isa = PBXContainerItemProxy;
			containerPortal = 940243C21F26BDAD00B2304B /* Project object */;
			proxyType = 1;
			remoteGlobalIDString = 940243C91F26BDAD00B2304B;
			remoteInfo = Breadcrumbs;
		};
		940243EC1F26BDAD00B2304B /* PBXContainerItemProxy */ = {
			isa = PBXContainerItemProxy;
			containerPortal = 940243C21F26BDAD00B2304B /* Project object */;
			proxyType = 1;
			remoteGlobalIDString = 940243C91F26BDAD00B2304B;
			remoteInfo = Breadcrumbs;
		};
/* End PBXContainerItemProxy section */

/* Begin PBXFileReference section */
		940243CA1F26BDAD00B2304B /* Breadcrumbs.app */ = {isa = PBXFileReference; explicitFileType = wrapper.application; includeInIndex = 0; path = Breadcrumbs.app; sourceTree = BUILT_PRODUCTS_DIR; };
		940243CD1F26BDAD00B2304B /* AppDelegate.swift */ = {isa = PBXFileReference; lastKnownFileType = sourcecode.swift; path = AppDelegate.swift; sourceTree = "<group>"; };
		940243D11F26BDAD00B2304B /* MapViewController.swift */ = {isa = PBXFileReference; lastKnownFileType = sourcecode.swift; path = MapViewController.swift; sourceTree = "<group>"; };
		940243D41F26BDAD00B2304B /* Base */ = {isa = PBXFileReference; lastKnownFileType = file.storyboard; name = Base; path = Base.lproj/Main.storyboard; sourceTree = "<group>"; };
		940243D61F26BDAD00B2304B /* Assets.xcassets */ = {isa = PBXFileReference; lastKnownFileType = folder.assetcatalog; path = Assets.xcassets; sourceTree = "<group>"; };
		940243D91F26BDAD00B2304B /* Base */ = {isa = PBXFileReference; lastKnownFileType = file.storyboard; name = Base; path = Base.lproj/LaunchScreen.storyboard; sourceTree = "<group>"; };
		940243DB1F26BDAD00B2304B /* Info.plist */ = {isa = PBXFileReference; lastKnownFileType = text.plist.xml; path = Info.plist; sourceTree = "<group>"; };
		940243E01F26BDAD00B2304B /* BreadcrumbsTests.xctest */ = {isa = PBXFileReference; explicitFileType = wrapper.cfbundle; includeInIndex = 0; path = BreadcrumbsTests.xctest; sourceTree = BUILT_PRODUCTS_DIR; };
		940243E41F26BDAD00B2304B /* BreadcrumbsTests.swift */ = {isa = PBXFileReference; lastKnownFileType = sourcecode.swift; path = BreadcrumbsTests.swift; sourceTree = "<group>"; };
		940243E61F26BDAD00B2304B /* Info.plist */ = {isa = PBXFileReference; lastKnownFileType = text.plist.xml; path = Info.plist; sourceTree = "<group>"; };
		940243EB1F26BDAD00B2304B /* BreadcrumbsUITests.xctest */ = {isa = PBXFileReference; explicitFileType = wrapper.cfbundle; includeInIndex = 0; path = BreadcrumbsUITests.xctest; sourceTree = BUILT_PRODUCTS_DIR; };
		940243EF1F26BDAD00B2304B /* BreadcrumbsUITests.swift */ = {isa = PBXFileReference; lastKnownFileType = sourcecode.swift; path = BreadcrumbsUITests.swift; sourceTree = "<group>"; };
		940243F11F26BDAD00B2304B /* Info.plist */ = {isa = PBXFileReference; lastKnownFileType = text.plist.xml; path = Info.plist; sourceTree = "<group>"; };
		9436EA471F27BDAE006B0285 /* CoreLocation.framework */ = {isa = PBXFileReference; lastKnownFileType = wrapper.framework; name = CoreLocation.framework; path = System/Library/Frameworks/CoreLocation.framework; sourceTree = SDKROOT; };
		9436EA491F27C552006B0285 /* MapKit.framework */ = {isa = PBXFileReference; lastKnownFileType = wrapper.framework; name = MapKit.framework; path = System/Library/Frameworks/MapKit.framework; sourceTree = SDKROOT; };
		9436EA4B1F296868006B0285 /* Foundation.framework */ = {isa = PBXFileReference; lastKnownFileType = wrapper.framework; name = Foundation.framework; path = System/Library/Frameworks/Foundation.framework; sourceTree = SDKROOT; };
		9436EA4D1F296FBC006B0285 /* CoreFoundation.framework */ = {isa = PBXFileReference; lastKnownFileType = wrapper.framework; name = CoreFoundation.framework; path = System/Library/Frameworks/CoreFoundation.framework; sourceTree = SDKROOT; };
		9436EA4F1F2AAE77006B0285 /* HomeViewController.swift */ = {isa = PBXFileReference; fileEncoding = 4; lastKnownFileType = sourcecode.swift; path = HomeViewController.swift; sourceTree = "<group>"; };
/* End PBXFileReference section */

/* Begin PBXFrameworksBuildPhase section */
		940243C71F26BDAD00B2304B /* Frameworks */ = {
			isa = PBXFrameworksBuildPhase;
			buildActionMask = 2147483647;
			files = (
				9436EA4E1F296FBC006B0285 /* CoreFoundation.framework in Frameworks */,
				9436EA4C1F296868006B0285 /* Foundation.framework in Frameworks */,
				9436EA481F27BDAE006B0285 /* CoreLocation.framework in Frameworks */,
				9436EA4A1F27C552006B0285 /* MapKit.framework in Frameworks */,
			);
			runOnlyForDeploymentPostprocessing = 0;
		};
		940243DD1F26BDAD00B2304B /* Frameworks */ = {
			isa = PBXFrameworksBuildPhase;
			buildActionMask = 2147483647;
			files = (
			);
			runOnlyForDeploymentPostprocessing = 0;
		};
		940243E81F26BDAD00B2304B /* Frameworks */ = {
			isa = PBXFrameworksBuildPhase;
			buildActionMask = 2147483647;
			files = (
			);
			runOnlyForDeploymentPostprocessing = 0;
		};
/* End PBXFrameworksBuildPhase section */

/* Begin PBXGroup section */
		940243C11F26BDAD00B2304B = {
			isa = PBXGroup;
			children = (
				940243CC1F26BDAD00B2304B /* Breadcrumbs */,
				940243E31F26BDAD00B2304B /* BreadcrumbsTests */,
				940243EE1F26BDAD00B2304B /* BreadcrumbsUITests */,
				940243CB1F26BDAD00B2304B /* Products */,
				940243FD1F26BE0F00B2304B /* Frameworks */,
			);
			sourceTree = "<group>";
		};
		940243CB1F26BDAD00B2304B /* Products */ = {
			isa = PBXGroup;
			children = (
				940243CA1F26BDAD00B2304B /* Breadcrumbs.app */,
				940243E01F26BDAD00B2304B /* BreadcrumbsTests.xctest */,
				940243EB1F26BDAD00B2304B /* BreadcrumbsUITests.xctest */,
			);
			name = Products;
			sourceTree = "<group>";
		};
		940243CC1F26BDAD00B2304B /* Breadcrumbs */ = {
			isa = PBXGroup;
			children = (
				940243D61F26BDAD00B2304B /* Assets.xcassets */,
				940243CD1F26BDAD00B2304B /* AppDelegate.swift */,
				940243D11F26BDAD00B2304B /* MapViewController.swift */,
				9436EA4F1F2AAE77006B0285 /* HomeViewController.swift */,
				940243D31F26BDAD00B2304B /* Main.storyboard */,
				940243D81F26BDAD00B2304B /* LaunchScreen.storyboard */,
				940243DB1F26BDAD00B2304B /* Info.plist */,
			);
			path = Breadcrumbs;
			sourceTree = "<group>";
		};
		940243E31F26BDAD00B2304B /* BreadcrumbsTests */ = {
			isa = PBXGroup;
			children = (
				940243E41F26BDAD00B2304B /* BreadcrumbsTests.swift */,
				940243E61F26BDAD00B2304B /* Info.plist */,
			);
			path = BreadcrumbsTests;
			sourceTree = "<group>";
		};
		940243EE1F26BDAD00B2304B /* BreadcrumbsUITests */ = {
			isa = PBXGroup;
			children = (
				940243EF1F26BDAD00B2304B /* BreadcrumbsUITests.swift */,
				940243F11F26BDAD00B2304B /* Info.plist */,
			);
			path = BreadcrumbsUITests;
			sourceTree = "<group>";
		};
		940243FD1F26BE0F00B2304B /* Frameworks */ = {
			isa = PBXGroup;
			children = (
				9436EA4D1F296FBC006B0285 /* CoreFoundation.framework */,
				9436EA4B1F296868006B0285 /* Foundation.framework */,
				9436EA491F27C552006B0285 /* MapKit.framework */,
				9436EA471F27BDAE006B0285 /* CoreLocation.framework */,
			);
			name = Frameworks;
			sourceTree = "<group>";
		};
/* End PBXGroup section */

/* Begin PBXNativeTarget section */
		940243C91F26BDAD00B2304B /* Breadcrumbs */ = {
			isa = PBXNativeTarget;
			buildConfigurationList = 940243F41F26BDAD00B2304B /* Build configuration list for PBXNativeTarget "Breadcrumbs" */;
			buildPhases = (
				940243C61F26BDAD00B2304B /* Sources */,
				940243C71F26BDAD00B2304B /* Frameworks */,
				940243C81F26BDAD00B2304B /* Resources */,
			);
			buildRules = (
			);
			dependencies = (
			);
			name = Breadcrumbs;
			productName = Breadcrumbs;
			productReference = 940243CA1F26BDAD00B2304B /* Breadcrumbs.app */;
			productType = "com.apple.product-type.application";
		};
		940243DF1F26BDAD00B2304B /* BreadcrumbsTests */ = {
			isa = PBXNativeTarget;
			buildConfigurationList = 940243F71F26BDAD00B2304B /* Build configuration list for PBXNativeTarget "BreadcrumbsTests" */;
			buildPhases = (
				940243DC1F26BDAD00B2304B /* Sources */,
				940243DD1F26BDAD00B2304B /* Frameworks */,
				940243DE1F26BDAD00B2304B /* Resources */,
			);
			buildRules = (
			);
			dependencies = (
				940243E21F26BDAD00B2304B /* PBXTargetDependency */,
			);
			name = BreadcrumbsTests;
			productName = BreadcrumbsTests;
			productReference = 940243E01F26BDAD00B2304B /* BreadcrumbsTests.xctest */;
			productType = "com.apple.product-type.bundle.unit-test";
		};
		940243EA1F26BDAD00B2304B /* BreadcrumbsUITests */ = {
			isa = PBXNativeTarget;
			buildConfigurationList = 940243FA1F26BDAD00B2304B /* Build configuration list for PBXNativeTarget "BreadcrumbsUITests" */;
			buildPhases = (
				940243E71F26BDAD00B2304B /* Sources */,
				940243E81F26BDAD00B2304B /* Frameworks */,
				940243E91F26BDAD00B2304B /* Resources */,
			);
			buildRules = (
			);
			dependencies = (
				940243ED1F26BDAD00B2304B /* PBXTargetDependency */,
			);
			name = BreadcrumbsUITests;
			productName = BreadcrumbsUITests;
			productReference = 940243EB1F26BDAD00B2304B /* BreadcrumbsUITests.xctest */;
			productType = "com.apple.product-type.bundle.ui-testing";
		};
/* End PBXNativeTarget section */

/* Begin PBXProject section */
		940243C21F26BDAD00B2304B /* Project object */ = {
			isa = PBXProject;
			attributes = {
				LastSwiftUpdateCheck = 0830;
				LastUpgradeCheck = 0830;
				ORGANIZATIONNAME = "iD Tech";
				TargetAttributes = {
					940243C91F26BDAD00B2304B = {
						CreatedOnToolsVersion = 8.3.1;
						DevelopmentTeam = 3MTQEUZU5D;
						ProvisioningStyle = Automatic;
						SystemCapabilities = {
							com.apple.Maps.iOS = {
								enabled = 1;
							};
						};
					};
					940243DF1F26BDAD00B2304B = {
						CreatedOnToolsVersion = 8.3.1;
						DevelopmentTeam = 3MTQEUZU5D;
						ProvisioningStyle = Automatic;
						TestTargetID = 940243C91F26BDAD00B2304B;
					};
					940243EA1F26BDAD00B2304B = {
						CreatedOnToolsVersion = 8.3.1;
						DevelopmentTeam = 3MTQEUZU5D;
						ProvisioningStyle = Automatic;
						TestTargetID = 940243C91F26BDAD00B2304B;
					};
				};
			};
			buildConfigurationList = 940243C51F26BDAD00B2304B /* Build configuration list for PBXProject "Breadcrumbs" */;
			compatibilityVersion = "Xcode 3.2";
			developmentRegion = English;
			hasScannedForEncodings = 0;
			knownRegions = (
				en,
				Base,
			);
			mainGroup = 940243C11F26BDAD00B2304B;
			productRefGroup = 940243CB1F26BDAD00B2304B /* Products */;
			projectDirPath = "";
			projectRoot = "";
			targets = (
				940243C91F26BDAD00B2304B /* Breadcrumbs */,
				940243DF1F26BDAD00B2304B /* BreadcrumbsTests */,
				940243EA1F26BDAD00B2304B /* BreadcrumbsUITests */,
			);
		};
/* End PBXProject section */

/* Begin PBXResourcesBuildPhase section */
		940243C81F26BDAD00B2304B /* Resources */ = {
			isa = PBXResourcesBuildPhase;
			buildActionMask = 2147483647;
			files = (
				940243DA1F26BDAD00B2304B /* LaunchScreen.storyboard in Resources */,
				940243D71F26BDAD00B2304B /* Assets.xcassets in Resources */,
				940243D51F26BDAD00B2304B /* Main.storyboard in Resources */,
			);
			runOnlyForDeploymentPostprocessing = 0;
		};
		940243DE1F26BDAD00B2304B /* Resources */ = {
			isa = PBXResourcesBuildPhase;
			buildActionMask = 2147483647;
			files = (
			);
			runOnlyForDeploymentPostprocessing = 0;
		};
		940243E91F26BDAD00B2304B /* Resources */ = {
			isa = PBXResourcesBuildPhase;
			buildActionMask = 2147483647;
			files = (
			);
			runOnlyForDeploymentPostprocessing = 0;
		};
/* End PBXResourcesBuildPhase section */

/* Begin PBXSourcesBuildPhase section */
		940243C61F26BDAD00B2304B /* Sources */ = {
			isa = PBXSourcesBuildPhase;
			buildActionMask = 2147483647;
			files = (
				940243D21F26BDAD00B2304B /* MapViewController.swift in Sources */,
				940243CE1F26BDAD00B2304B /* AppDelegate.swift in Sources */,
				9436EA501F2AAE77006B0285 /* HomeViewController.swift in Sources */,
			);
			runOnlyForDeploymentPostprocessing = 0;
		};
		940243DC1F26BDAD00B2304B /* Sources */ = {
			isa = PBXSourcesBuildPhase;
			buildActionMask = 2147483647;
			files = (
				940243E51F26BDAD00B2304B /* BreadcrumbsTests.swift in Sources */,
			);
			runOnlyForDeploymentPostprocessing = 0;
		};
		940243E71F26BDAD00B2304B /* Sources */ = {
			isa = PBXSourcesBuildPhase;
			buildActionMask = 2147483647;
			files = (
				940243F01F26BDAD00B2304B /* BreadcrumbsUITests.swift in Sources */,
			);
			runOnlyForDeploymentPostprocessing = 0;
		};
/* End PBXSourcesBuildPhase section */

/* Begin PBXTargetDependency section */
		940243E21F26BDAD00B2304B /* PBXTargetDependency */ = {
			isa = PBXTargetDependency;
			target = 940243C91F26BDAD00B2304B /* Breadcrumbs */;
			targetProxy = 940243E11F26BDAD00B2304B /* PBXContainerItemProxy */;
		};
		940243ED1F26BDAD00B2304B /* PBXTargetDependency */ = {
			isa = PBXTargetDependency;
			target = 940243C91F26BDAD00B2304B /* Breadcrumbs */;
			targetProxy = 940243EC1F26BDAD00B2304B /* PBXContainerItemProxy */;
		};
/* End PBXTargetDependency section */

/* Begin PBXVariantGroup section */
		940243D31F26BDAD00B2304B /* Main.storyboard */ = {
			isa = PBXVariantGroup;
			children = (
				940243D41F26BDAD00B2304B /* Base */,
			);
			name = Main.storyboard;
			sourceTree = "<group>";
		};
		940243D81F26BDAD00B2304B /* LaunchScreen.storyboard */ = {
			isa = PBXVariantGroup;
			children = (
				940243D91F26BDAD00B2304B /* Base */,
			);
			name = LaunchScreen.storyboard;
			sourceTree = "<group>";
		};
/* End PBXVariantGroup section */

/* Begin XCBuildConfiguration section */
		940243F21F26BDAD00B2304B /* Debug */ = {
			isa = XCBuildConfiguration;
			buildSettings = {
				ALWAYS_SEARCH_USER_PATHS = NO;
				CLANG_ANALYZER_NONNULL = YES;
				CLANG_ANALYZER_NUMBER_OBJECT_CONVERSION = YES_AGGRESSIVE;
				CLANG_CXX_LANGUAGE_STANDARD = "gnu++0x";
				CLANG_CXX_LIBRARY = "libc++";
				CLANG_ENABLE_MODULES = YES;
				CLANG_ENABLE_OBJC_ARC = YES;
				CLANG_WARN_BOOL_CONVERSION = YES;
				CLANG_WARN_CONSTANT_CONVERSION = YES;
				CLANG_WARN_DIRECT_OBJC_ISA_USAGE = YES_ERROR;
				CLANG_WARN_DOCUMENTATION_COMMENTS = YES;
				CLANG_WARN_EMPTY_BODY = YES;
				CLANG_WARN_ENUM_CONVERSION = YES;
				CLANG_WARN_INFINITE_RECURSION = YES;
				CLANG_WARN_INT_CONVERSION = YES;
				CLANG_WARN_OBJC_ROOT_CLASS = YES_ERROR;
				CLANG_WARN_SUSPICIOUS_MOVE = YES;
				CLANG_WARN_UNREACHABLE_CODE = YES;
				CLANG_WARN__DUPLICATE_METHOD_MATCH = YES;
				"CODE_SIGN_IDENTITY[sdk=iphoneos*]" = "iPhone Developer";
				COPY_PHASE_STRIP = NO;
				DEBUG_INFORMATION_FORMAT = dwarf;
				ENABLE_STRICT_OBJC_MSGSEND = YES;
				ENABLE_TESTABILITY = YES;
				GCC_C_LANGUAGE_STANDARD = gnu99;
				GCC_DYNAMIC_NO_PIC = NO;
				GCC_NO_COMMON_BLOCKS = YES;
				GCC_OPTIMIZATION_LEVEL = 0;
				GCC_PREPROCESSOR_DEFINITIONS = (
					"DEBUG=1",
					"$(inherited)",
				);
				GCC_WARN_64_TO_32_BIT_CONVERSION = YES;
				GCC_WARN_ABOUT_RETURN_TYPE = YES_ERROR;
				GCC_WARN_UNDECLARED_SELECTOR = YES;
				GCC_WARN_UNINITIALIZED_AUTOS = YES_AGGRESSIVE;
				GCC_WARN_UNUSED_FUNCTION = YES;
				GCC_WARN_UNUSED_VARIABLE = YES;
				IPHONEOS_DEPLOYMENT_TARGET = 10.3;
				MTL_ENABLE_DEBUG_INFO = YES;
				ONLY_ACTIVE_ARCH = YES;
				SDKROOT = iphoneos;
				SWIFT_ACTIVE_COMPILATION_CONDITIONS = DEBUG;
				SWIFT_OPTIMIZATION_LEVEL = "-Onone";
			};
			name = Debug;
		};
		940243F31F26BDAD00B2304B /* Release */ = {
			isa = XCBuildConfiguration;
			buildSettings = {
				ALWAYS_SEARCH_USER_PATHS = NO;
				CLANG_ANALYZER_NONNULL = YES;
				CLANG_ANALYZER_NUMBER_OBJECT_CONVERSION = YES_AGGRESSIVE;
				CLANG_CXX_LANGUAGE_STANDARD = "gnu++0x";
				CLANG_CXX_LIBRARY = "libc++";
				CLANG_ENABLE_MODULES = YES;
				CLANG_ENABLE_OBJC_ARC = YES;
				CLANG_WARN_BOOL_CONVERSION = YES;
				CLANG_WARN_CONSTANT_CONVERSION = YES;
				CLANG_WARN_DIRECT_OBJC_ISA_USAGE = YES_ERROR;
				CLANG_WARN_DOCUMENTATION_COMMENTS = YES;
				CLANG_WARN_EMPTY_BODY = YES;
				CLANG_WARN_ENUM_CONVERSION = YES;
				CLANG_WARN_INFINITE_RECURSION = YES;
				CLANG_WARN_INT_CONVERSION = YES;
				CLANG_WARN_OBJC_ROOT_CLASS = YES_ERROR;
				CLANG_WARN_SUSPICIOUS_MOVE = YES;
				CLANG_WARN_UNREACHABLE_CODE = YES;
				CLANG_WARN__DUPLICATE_METHOD_MATCH = YES;
				"CODE_SIGN_IDENTITY[sdk=iphoneos*]" = "iPhone Developer";
				COPY_PHASE_STRIP = NO;
				DEBUG_INFORMATION_FORMAT = "dwarf-with-dsym";
				ENABLE_NS_ASSERTIONS = NO;
				ENABLE_STRICT_OBJC_MSGSEND = YES;
				GCC_C_LANGUAGE_STANDARD = gnu99;
				GCC_NO_COMMON_BLOCKS = YES;
				GCC_WARN_64_TO_32_BIT_CONVERSION = YES;
				GCC_WARN_ABOUT_RETURN_TYPE = YES_ERROR;
				GCC_WARN_UNDECLARED_SELECTOR = YES;
				GCC_WARN_UNINITIALIZED_AUTOS = YES_AGGRESSIVE;
				GCC_WARN_UNUSED_FUNCTION = YES;
				GCC_WARN_UNUSED_VARIABLE = YES;
				IPHONEOS_DEPLOYMENT_TARGET = 10.3;
				MTL_ENABLE_DEBUG_INFO = NO;
				SDKROOT = iphoneos;
				SWIFT_OPTIMIZATION_LEVEL = "-Owholemodule";
				VALIDATE_PRODUCT = YES;
			};
			name = Release;
		};
		940243F51F26BDAD00B2304B /* Debug */ = {
			isa = XCBuildConfiguration;
			buildSettings = {
				ASSETCATALOG_COMPILER_APPICON_NAME = AppIcon;
				DEVELOPMENT_TEAM = 3MTQEUZU5D;
				INFOPLIST_FILE = Breadcrumbs/Info.plist;
				LD_RUNPATH_SEARCH_PATHS = "$(inherited) @executable_path/Frameworks";
				PRODUCT_BUNDLE_IDENTIFIER = "com.iDTech.-Sam-.Breadcrumbs";
				PRODUCT_NAME = "$(TARGET_NAME)";
				SWIFT_VERSION = 3.0;
			};
			name = Debug;
		};
		940243F61F26BDAD00B2304B /* Release */ = {
			isa = XCBuildConfiguration;
			buildSettings = {
				ASSETCATALOG_COMPILER_APPICON_NAME = AppIcon;
				DEVELOPMENT_TEAM = 3MTQEUZU5D;
				INFOPLIST_FILE = Breadcrumbs/Info.plist;
				LD_RUNPATH_SEARCH_PATHS = "$(inherited) @executable_path/Frameworks";
				PRODUCT_BUNDLE_IDENTIFIER = "com.iDTech.-Sam-.Breadcrumbs";
				PRODUCT_NAME = "$(TARGET_NAME)";
				SWIFT_VERSION = 3.0;
			};
			name = Release;
		};
		940243F81F26BDAD00B2304B /* Debug */ = {
			isa = XCBuildConfiguration;
			buildSettings = {
				ALWAYS_EMBED_SWIFT_STANDARD_LIBRARIES = YES;
				BUNDLE_LOADER = "$(TEST_HOST)";
				DEVELOPMENT_TEAM = 3MTQEUZU5D;
				INFOPLIST_FILE = BreadcrumbsTests/Info.plist;
				LD_RUNPATH_SEARCH_PATHS = "$(inherited) @executable_path/Frameworks @loader_path/Frameworks";
				PRODUCT_BUNDLE_IDENTIFIER = "com.iDTech.-Sam-.BreadcrumbsTests";
				PRODUCT_NAME = "$(TARGET_NAME)";
				SWIFT_VERSION = 3.0;
				TEST_HOST = "$(BUILT_PRODUCTS_DIR)/Breadcrumbs.app/Breadcrumbs";
			};
			name = Debug;
		};
		940243F91F26BDAD00B2304B /* Release */ = {
			isa = XCBuildConfiguration;
			buildSettings = {
				ALWAYS_EMBED_SWIFT_STANDARD_LIBRARIES = YES;
				BUNDLE_LOADER = "$(TEST_HOST)";
				DEVELOPMENT_TEAM = 3MTQEUZU5D;
				INFOPLIST_FILE = BreadcrumbsTests/Info.plist;
				LD_RUNPATH_SEARCH_PATHS = "$(inherited) @executable_path/Frameworks @loader_path/Frameworks";
				PRODUCT_BUNDLE_IDENTIFIER = "com.iDTech.-Sam-.BreadcrumbsTests";
				PRODUCT_NAME = "$(TARGET_NAME)";
				SWIFT_VERSION = 3.0;
				TEST_HOST = "$(BUILT_PRODUCTS_DIR)/Breadcrumbs.app/Breadcrumbs";
			};
			name = Release;
		};
		940243FB1F26BDAD00B2304B /* Debug */ = {
			isa = XCBuildConfiguration;
			buildSettings = {
				ALWAYS_EMBED_SWIFT_STANDARD_LIBRARIES = YES;
				DEVELOPMENT_TEAM = 3MTQEUZU5D;
				INFOPLIST_FILE = BreadcrumbsUITests/Info.plist;
				LD_RUNPATH_SEARCH_PATHS = "$(inherited) @executable_path/Frameworks @loader_path/Frameworks";
				PRODUCT_BUNDLE_IDENTIFIER = "com.iDTech.-Sam-.BreadcrumbsUITests";
				PRODUCT_NAME = "$(TARGET_NAME)";
				SWIFT_VERSION = 3.0;
				TEST_TARGET_NAME = Breadcrumbs;
			};
			name = Debug;
		};
		940243FC1F26BDAD00B2304B /* Release */ = {
			isa = XCBuildConfiguration;
			buildSettings = {
				ALWAYS_EMBED_SWIFT_STANDARD_LIBRARIES = YES;
				DEVELOPMENT_TEAM = 3MTQEUZU5D;
				INFOPLIST_FILE = BreadcrumbsUITests/Info.plist;
				LD_RUNPATH_SEARCH_PATHS = "$(inherited) @executable_path/Frameworks @loader_path/Frameworks";
				PRODUCT_BUNDLE_IDENTIFIER = "com.iDTech.-Sam-.BreadcrumbsUITests";
				PRODUCT_NAME = "$(TARGET_NAME)";
				SWIFT_VERSION = 3.0;
				TEST_TARGET_NAME = Breadcrumbs;
			};
			name = Release;
		};
/* End XCBuildConfiguration section */

/* Begin XCConfigurationList section */
		940243C51F26BDAD00B2304B /* Build configuration list for PBXProject "Breadcrumbs" */ = {
			isa = XCConfigurationList;
			buildConfigurations = (
				940243F21F26BDAD00B2304B /* Debug */,
				940243F31F26BDAD00B2304B /* Release */,
			);
			defaultConfigurationIsVisible = 0;
			defaultConfigurationName = Release;
		};
		940243F41F26BDAD00B2304B /* Build configuration list for PBXNativeTarget "Breadcrumbs" */ = {
			isa = XCConfigurationList;
			buildConfigurations = (
				940243F51F26BDAD00B2304B /* Debug */,
				940243F61F26BDAD00B2304B /* Release */,
			);
			defaultConfigurationIsVisible = 0;
			defaultConfigurationName = Release;
		};
		940243F71F26BDAD00B2304B /* Build configuration list for PBXNativeTarget "BreadcrumbsTests" */ = {
			isa = XCConfigurationList;
			buildConfigurations = (
				940243F81F26BDAD00B2304B /* Debug */,
				940243F91F26BDAD00B2304B /* Release */,
			);
			defaultConfigurationIsVisible = 0;
			defaultConfigurationName = Release;
		};
		940243FA1F26BDAD00B2304B /* Build configuration list for PBXNativeTarget "BreadcrumbsUITests" */ = {
			isa = XCConfigurationList;
			buildConfigurations = (
				940243FB1F26BDAD00B2304B /* Debug */,
				940243FC1F26BDAD00B2304B /* Release */,
			);
			defaultConfigurationIsVisible = 0;
			defaultConfigurationName = Release;
		};
/* End XCConfigurationList section */
	};
	rootObject = 940243C21F26BDAD00B2304B /* Project object */;
}
